// !$*UTF8*$!
{
	archiveVersion = 1;
	classes = {
	};
	objectVersion = 46;
	objects = {

/* Begin PBXBuildFile section */
		1D3623260D0F684500981E51 /* omediaAppDelegate.m in Sources */ = {isa = PBXBuildFile; fileRef = 1D3623250D0F684500981E51 /* omediaAppDelegate.m */; };
		1D60589B0D05DD56006BFB54 /* main.m in Sources */ = {isa = PBXBuildFile; fileRef = 29B97316FDCFA39411CA2CEA /* main.m */; };
		1D60589F0D05DD5A006BFB54 /* Foundation.framework in Frameworks */ = {isa = PBXBuildFile; fileRef = 1D30AB110D05D00D00671497 /* Foundation.framework */; };
		1DF5F4E00D08C38300B7A737 /* UIKit.framework in Frameworks */ = {isa = PBXBuildFile; fileRef = 1DF5F4DF0D08C38300B7A737 /* UIKit.framework */; };
		288765FD0DF74451002DB57D /* CoreGraphics.framework in Frameworks */ = {isa = PBXBuildFile; fileRef = 288765FC0DF74451002DB57D /* CoreGraphics.framework */; };
		FE005A1414414B00009DE693 /* Friend.m in Sources */ = {isa = PBXBuildFile; fileRef = FE005A1314414B00009DE693 /* Friend.m */; };
		FE0248AD142838D400465F02 /* SettingController.m in Sources */ = {isa = PBXBuildFile; fileRef = FE0248AB142838D400465F02 /* SettingController.m */; };
		FE0248B61428390700465F02 /* SettingController.xib in Resources */ = {isa = PBXBuildFile; fileRef = FE0248B51428390700465F02 /* SettingController.xib */; };
		FE056070142C67B1001FC8E0 /* HttpConnectionDelegate.m in Sources */ = {isa = PBXBuildFile; fileRef = FE05606F142C67B1001FC8E0 /* HttpConnectionDelegate.m */; };
		FE0A6A80143DFC9600BCA54E /* UrlUtil.m in Sources */ = {isa = PBXBuildFile; fileRef = FE0A6A7F143DFC9600BCA54E /* UrlUtil.m */; };
		FE0B15AB1443FAB10047537A /* FriendRequestReplyController.m in Sources */ = {isa = PBXBuildFile; fileRef = FE0B15A91443FAB10047537A /* FriendRequestReplyController.m */; };
		FE0B15AE1443FAEA0047537A /* FriendRequestReplyController.xib in Resources */ = {isa = PBXBuildFile; fileRef = FE0B15AD1443FAEA0047537A /* FriendRequestReplyController.xib */; };
		FE0B15D21443FDD70047537A /* PopupController.m in Sources */ = {isa = PBXBuildFile; fileRef = FE0B15D11443FDD70047537A /* PopupController.m */; };
		FE0B15FF14440D0C0047537A /* FriendRequestReplyForm.m in Sources */ = {isa = PBXBuildFile; fileRef = FE0B15FE14440D0C0047537A /* FriendRequestReplyForm.m */; };
		FE0D5B1F143B5C00001968B4 /* OmediaException.m in Sources */ = {isa = PBXBuildFile; fileRef = FE0D5B1E143B5C00001968B4 /* OmediaException.m */; };
		FE0EA4D614360E3200977733 /* MainController.m in Sources */ = {isa = PBXBuildFile; fileRef = FE0EA4D414360E3200977733 /* MainController.m */; };
		FE0EA4F314360EAF00977733 /* MainController.xib in Resources */ = {isa = PBXBuildFile; fileRef = FE0EA4F214360EAF00977733 /* MainController.xib */; };
		FE0EA5371436219A00977733 /* FriendsController.m in Sources */ = {isa = PBXBuildFile; fileRef = FE0EA5351436219A00977733 /* FriendsController.m */; };
		FE0EA53D143621F600977733 /* FriendsController.xib in Resources */ = {isa = PBXBuildFile; fileRef = FE0EA53C143621F600977733 /* FriendsController.xib */; };
		FE0EFDC7143070AC0021C7A3 /* SettingForm.m in Sources */ = {isa = PBXBuildFile; fileRef = FE0EFDC6143070AC0021C7A3 /* SettingForm.m */; };
		FE127F461442B7AF0036BA68 /* AddFriendController.m in Sources */ = {isa = PBXBuildFile; fileRef = FE127F441442B7AF0036BA68 /* AddFriendController.m */; };
		FE127FD81442C8E70036BA68 /* AddFriendController.xib in Resources */ = {isa = PBXBuildFile; fileRef = FE127FD71442C8E70036BA68 /* AddFriendController.xib */; };
		FE127FDB1442C95B0036BA68 /* AddFriendForm.m in Sources */ = {isa = PBXBuildFile; fileRef = FE127FDA1442C95B0036BA68 /* AddFriendForm.m */; };
		FE13CE6814233DD000795A0B /* LoginController.m in Sources */ = {isa = PBXBuildFile; fileRef = FE13CE6614233DD000795A0B /* LoginController.m */; };
		FE13CEA0142341F400795A0B /* RegisterController.xib in Resources */ = {isa = PBXBuildFile; fileRef = FE13CE9D142341F400795A0B /* RegisterController.xib */; };
		FE13CEA1142341F400795A0B /* LoginController.xib in Resources */ = {isa = PBXBuildFile; fileRef = FE13CE9E142341F400795A0B /* LoginController.xib */; };
		FE13CEA2142341F400795A0B /* MainWindow.xib in Resources */ = {isa = PBXBuildFile; fileRef = FE13CE9F142341F400795A0B /* MainWindow.xib */; };
		FE13CEA51423420700795A0B /* RegisterController.m in Sources */ = {isa = PBXBuildFile; fileRef = FE13CEA31423420700795A0B /* RegisterController.m */; };
		FE144774143ACA790002B5A0 /* CoreDataService.m in Sources */ = {isa = PBXBuildFile; fileRef = FE144773143ACA790002B5A0 /* CoreDataService.m */; };
		FE161D771428BC4500724EEC /* HttpService.m in Sources */ = {isa = PBXBuildFile; fileRef = FE161D761428BC4500724EEC /* HttpService.m */; };
		FE1B6F5B1437736800826653 /* CoreData.framework in Frameworks */ = {isa = PBXBuildFile; fileRef = FE1B6F5A1437736800826653 /* CoreData.framework */; };
		FE1CAB4B141F52D900C022AA /* BaseService.m in Sources */ = {isa = PBXBuildFile; fileRef = FE1CAB4A141F52D900C022AA /* BaseService.m */; };
		FE1CAB4E141F531600C022AA /* BaseController.m in Sources */ = {isa = PBXBuildFile; fileRef = FE1CAB4D141F531600C022AA /* BaseController.m */; };
		FE1DA6B0144304DC0040FA30 /* FriendRequest.m in Sources */ = {isa = PBXBuildFile; fileRef = FE1DA6AF144304DC0040FA30 /* FriendRequest.m */; };
		FE1DA6B314430B760040FA30 /* Cache.m in Sources */ = {isa = PBXBuildFile; fileRef = FE1DA6B214430B760040FA30 /* Cache.m */; };
		FE23A16A14436BBC00E7E267 /* FriendRequestController.m in Sources */ = {isa = PBXBuildFile; fileRef = FE23A16814436BBC00E7E267 /* FriendRequestController.m */; };
		FE23A16E14436C0000E7E267 /* FriendRequestController.xib in Resources */ = {isa = PBXBuildFile; fileRef = FE23A16D14436C0000E7E267 /* FriendRequestController.xib */; };
		FE23BA86141F6FAC003C4F5E /* AccountService.m in Sources */ = {isa = PBXBuildFile; fileRef = FE23BA85141F6FAC003C4F5E /* AccountService.m */; };
		FE23BAA4141F733A003C4F5E /* RegisterForm.m in Sources */ = {isa = PBXBuildFile; fileRef = FE23BAA3141F733A003C4F5E /* RegisterForm.m */; };
		FE23BAA7141F7391003C4F5E /* BaseFormModel.m in Sources */ = {isa = PBXBuildFile; fileRef = FE23BAA6141F7391003C4F5E /* BaseFormModel.m */; };
		FE23BAC3141F7CAE003C4F5E /* LoginForm.m in Sources */ = {isa = PBXBuildFile; fileRef = FE23BAC2141F7CAE003C4F5E /* LoginForm.m */; };
		FE416CC01440314A001DE5DF /* SearchFriendsController.m in Sources */ = {isa = PBXBuildFile; fileRef = FE416CBE1440314A001DE5DF /* SearchFriendsController.m */; };
		FE416CC314403192001DE5DF /* SearchFriendsController.xib in Resources */ = {isa = PBXBuildFile; fileRef = FE416CC214403192001DE5DF /* SearchFriendsController.xib */; };
		FE416D1F1440A0ED001DE5DF /* FriendsService.m in Sources */ = {isa = PBXBuildFile; fileRef = FE416D1E1440A0ED001DE5DF /* FriendsService.m */; };
		FE45A1D1143F23CC002D35C4 /* SynchronizeDataService.m in Sources */ = {isa = PBXBuildFile; fileRef = FE45A1D0143F23CC002D35C4 /* SynchronizeDataService.m */; };
		FE45D473142B56E6004B0097 /* SinaService.m in Sources */ = {isa = PBXBuildFile; fileRef = FE45D472142B56E6004B0097 /* SinaService.m */; };
		FE4F7605143B17FF00190EA8 /* CoreDataException.m in Sources */ = {isa = PBXBuildFile; fileRef = FE4F7604143B17FF00190EA8 /* CoreDataException.m */; };
		FE616DC314288E9B00477CB1 /* FormValidator.m in Sources */ = {isa = PBXBuildFile; fileRef = FE616DC214288E9B00477CB1 /* FormValidator.m */; };
		FE7199091430C1E300B70636 /* Settings.bundle in Resources */ = {isa = PBXBuildFile; fileRef = FE7199081430C1E300B70636 /* Settings.bundle */; };
		FE7A73CB1438966100A1B08F /* Account.m in Sources */ = {isa = PBXBuildFile; fileRef = FE7A73C81438966100A1B08F /* Account.m */; };
		FE7A73CC1438966100A1B08F /* BaseDataModel.m in Sources */ = {isa = PBXBuildFile; fileRef = FE7A73CA1438966100A1B08F /* BaseDataModel.m */; };
		FE83EB9114397FC000117E6E /* omedia.xcdatamodel in Sources */ = {isa = PBXBuildFile; fileRef = FE83EB9014397FC000117E6E /* omedia.xcdatamodel */; };
		FE83F0041439865E00117E6E /* NSObject+SBJson.m in Sources */ = {isa = PBXBuildFile; fileRef = FE83EFEC1439865E00117E6E /* NSObject+SBJson.m */; };
		FE83F0051439865E00117E6E /* SBJsonParser.m in Sources */ = {isa = PBXBuildFile; fileRef = FE83EFEF1439865E00117E6E /* SBJsonParser.m */; };
		FE83F0061439865E00117E6E /* SBJsonStreamParser.m in Sources */ = {isa = PBXBuildFile; fileRef = FE83EFF11439865E00117E6E /* SBJsonStreamParser.m */; };
		FE83F0071439865E00117E6E /* SBJsonStreamParserAccumulator.m in Sources */ = {isa = PBXBuildFile; fileRef = FE83EFF31439865E00117E6E /* SBJsonStreamParserAccumulator.m */; };
		FE83F0081439865E00117E6E /* SBJsonStreamParserAdapter.m in Sources */ = {isa = PBXBuildFile; fileRef = FE83EFF51439865E00117E6E /* SBJsonStreamParserAdapter.m */; };
		FE83F0091439865E00117E6E /* SBJsonStreamParserState.m in Sources */ = {isa = PBXBuildFile; fileRef = FE83EFF71439865E00117E6E /* SBJsonStreamParserState.m */; };
		FE83F00A1439865E00117E6E /* SBJsonStreamWriter.m in Sources */ = {isa = PBXBuildFile; fileRef = FE83EFF91439865E00117E6E /* SBJsonStreamWriter.m */; };
		FE83F00B1439865E00117E6E /* SBJsonStreamWriterAccumulator.m in Sources */ = {isa = PBXBuildFile; fileRef = FE83EFFB1439865E00117E6E /* SBJsonStreamWriterAccumulator.m */; };
		FE83F00C1439865E00117E6E /* SBJsonStreamWriterState.m in Sources */ = {isa = PBXBuildFile; fileRef = FE83EFFD1439865E00117E6E /* SBJsonStreamWriterState.m */; };
		FE83F00D1439865E00117E6E /* SBJsonTokeniser.m in Sources */ = {isa = PBXBuildFile; fileRef = FE83EFFF1439865E00117E6E /* SBJsonTokeniser.m */; };
		FE83F00E1439865E00117E6E /* SBJsonUTF8Stream.m in Sources */ = {isa = PBXBuildFile; fileRef = FE83F0011439865E00117E6E /* SBJsonUTF8Stream.m */; };
		FE83F00F1439865E00117E6E /* SBJsonWriter.m in Sources */ = {isa = PBXBuildFile; fileRef = FE83F0031439865E00117E6E /* SBJsonWriter.m */; };
		FE83F04714398A2B00117E6E /* JsonUtil.m in Sources */ = {isa = PBXBuildFile; fileRef = FE83F04614398A2B00117E6E /* JsonUtil.m */; };
		FEC80D1F1430C28200B1A07C /* Root.strings in Resources */ = {isa = PBXBuildFile; fileRef = FEC80D1E1430C28200B1A07C /* Root.strings */; };
		FEFFA672144457F100311E33 /* EditFriendController.m in Sources */ = {isa = PBXBuildFile; fileRef = FEFFA670144457F100311E33 /* EditFriendController.m */; };
		FEFFA6751444582300311E33 /* EditFriendController.xib in Resources */ = {isa = PBXBuildFile; fileRef = FEFFA6741444582300311E33 /* EditFriendController.xib */; };
/* End PBXBuildFile section */

/* Begin PBXFileReference section */
		1D30AB110D05D00D00671497 /* Foundation.framework */ = {isa = PBXFileReference; lastKnownFileType = wrapper.framework; name = Foundation.framework; path = System/Library/Frameworks/Foundation.framework; sourceTree = SDKROOT; };
		1D3623240D0F684500981E51 /* omediaAppDelegate.h */ = {isa = PBXFileReference; fileEncoding = 4; lastKnownFileType = sourcecode.c.h; path = omediaAppDelegate.h; sourceTree = "<group>"; };
		1D3623250D0F684500981E51 /* omediaAppDelegate.m */ = {isa = PBXFileReference; fileEncoding = 4; lastKnownFileType = sourcecode.c.objc; path = omediaAppDelegate.m; sourceTree = "<group>"; };
		1D6058910D05DD3D006BFB54 /* omedia.app */ = {isa = PBXFileReference; explicitFileType = wrapper.application; includeInIndex = 0; path = omedia.app; sourceTree = BUILT_PRODUCTS_DIR; };
		1DF5F4DF0D08C38300B7A737 /* UIKit.framework */ = {isa = PBXFileReference; lastKnownFileType = wrapper.framework; name = UIKit.framework; path = System/Library/Frameworks/UIKit.framework; sourceTree = SDKROOT; };
		288765FC0DF74451002DB57D /* CoreGraphics.framework */ = {isa = PBXFileReference; lastKnownFileType = wrapper.framework; name = CoreGraphics.framework; path = System/Library/Frameworks/CoreGraphics.framework; sourceTree = SDKROOT; };
		29B97316FDCFA39411CA2CEA /* main.m */ = {isa = PBXFileReference; fileEncoding = 4; lastKnownFileType = sourcecode.c.objc; path = main.m; sourceTree = "<group>"; };
		32CA4F630368D1EE00C91783 /* omedia_Prefix.pch */ = {isa = PBXFileReference; fileEncoding = 4; lastKnownFileType = sourcecode.c.h; path = omedia_Prefix.pch; sourceTree = "<group>"; };
		8D1107310486CEB800E47090 /* omedia-Info.plist */ = {isa = PBXFileReference; fileEncoding = 4; lastKnownFileType = text.plist.xml; path = "omedia-Info.plist"; plistStructureDefinitionIdentifier = "com.apple.xcode.plist.structure-definition.iphone.info-plist"; sourceTree = "<group>"; };
		FE005A1214414B00009DE693 /* Friend.h */ = {isa = PBXFileReference; fileEncoding = 4; lastKnownFileType = sourcecode.c.h; name = Friend.h; path = model/commonsModel/Friend.h; sourceTree = "<group>"; };
		FE005A1314414B00009DE693 /* Friend.m */ = {isa = PBXFileReference; fileEncoding = 4; lastKnownFileType = sourcecode.c.objc; name = Friend.m; path = model/commonsModel/Friend.m; sourceTree = "<group>"; };
		FE0248AA142838D400465F02 /* SettingController.h */ = {isa = PBXFileReference; fileEncoding = 4; lastKnownFileType = sourcecode.c.h; name = SettingController.h; path = controller/SettingController.h; sourceTree = "<group>"; };
		FE0248AB142838D400465F02 /* SettingController.m */ = {isa = PBXFileReference; fileEncoding = 4; lastKnownFileType = sourcecode.c.objc; name = SettingController.m; path = controller/SettingController.m; sourceTree = "<group>"; };
		FE0248B51428390700465F02 /* SettingController.xib */ = {isa = PBXFileReference; lastKnownFileType = file.xib; name = SettingController.xib; path = ui/SettingController.xib; sourceTree = "<group>"; };
		FE05606E142C67B1001FC8E0 /* HttpConnectionDelegate.h */ = {isa = PBXFileReference; fileEncoding = 4; lastKnownFileType = sourcecode.c.h; name = HttpConnectionDelegate.h; path = service/network/HttpConnectionDelegate.h; sourceTree = "<group>"; };
		FE05606F142C67B1001FC8E0 /* HttpConnectionDelegate.m */ = {isa = PBXFileReference; fileEncoding = 4; lastKnownFileType = sourcecode.c.objc; name = HttpConnectionDelegate.m; path = service/network/HttpConnectionDelegate.m; sourceTree = "<group>"; };
		FE0A6A7E143DFC9600BCA54E /* UrlUtil.h */ = {isa = PBXFileReference; fileEncoding = 4; lastKnownFileType = sourcecode.c.h; path = UrlUtil.h; sourceTree = "<group>"; };
		FE0A6A7F143DFC9600BCA54E /* UrlUtil.m */ = {isa = PBXFileReference; fileEncoding = 4; lastKnownFileType = sourcecode.c.objc; path = UrlUtil.m; sourceTree = "<group>"; };
		FE0B15A81443FAB10047537A /* FriendRequestReplyController.h */ = {isa = PBXFileReference; fileEncoding = 4; lastKnownFileType = sourcecode.c.h; name = FriendRequestReplyController.h; path = controller/FriendRequestReplyController.h; sourceTree = "<group>"; };
		FE0B15A91443FAB10047537A /* FriendRequestReplyController.m */ = {isa = PBXFileReference; fileEncoding = 4; lastKnownFileType = sourcecode.c.objc; name = FriendRequestReplyController.m; path = controller/FriendRequestReplyController.m; sourceTree = "<group>"; };
		FE0B15AD1443FAEA0047537A /* FriendRequestReplyController.xib */ = {isa = PBXFileReference; lastKnownFileType = file.xib; name = FriendRequestReplyController.xib; path = ui/FriendRequestReplyController.xib; sourceTree = "<group>"; };
		FE0B15D01443FDD70047537A /* PopupController.h */ = {isa = PBXFileReference; fileEncoding = 4; lastKnownFileType = sourcecode.c.h; name = PopupController.h; path = controller/PopupController.h; sourceTree = "<group>"; };
		FE0B15D11443FDD70047537A /* PopupController.m */ = {isa = PBXFileReference; fileEncoding = 4; lastKnownFileType = sourcecode.c.objc; name = PopupController.m; path = controller/PopupController.m; sourceTree = "<group>"; };
		FE0B15FD14440D0C0047537A /* FriendRequestReplyForm.h */ = {isa = PBXFileReference; fileEncoding = 4; lastKnownFileType = sourcecode.c.h; name = FriendRequestReplyForm.h; path = model/formModel/FriendRequestReplyForm.h; sourceTree = "<group>"; };
		FE0B15FE14440D0C0047537A /* FriendRequestReplyForm.m */ = {isa = PBXFileReference; fileEncoding = 4; lastKnownFileType = sourcecode.c.objc; name = FriendRequestReplyForm.m; path = model/formModel/FriendRequestReplyForm.m; sourceTree = "<group>"; };
		FE0D5B1D143B5C00001968B4 /* OmediaException.h */ = {isa = PBXFileReference; fileEncoding = 4; lastKnownFileType = sourcecode.c.h; name = OmediaException.h; path = exceptions/OmediaException.h; sourceTree = "<group>"; };
		FE0D5B1E143B5C00001968B4 /* OmediaException.m */ = {isa = PBXFileReference; fileEncoding = 4; lastKnownFileType = sourcecode.c.objc; name = OmediaException.m; path = exceptions/OmediaException.m; sourceTree = "<group>"; };
		FE0EA4D314360E3200977733 /* MainController.h */ = {isa = PBXFileReference; fileEncoding = 4; lastKnownFileType = sourcecode.c.h; name = MainController.h; path = controller/MainController.h; sourceTree = "<group>"; };
		FE0EA4D414360E3200977733 /* MainController.m */ = {isa = PBXFileReference; fileEncoding = 4; lastKnownFileType = sourcecode.c.objc; name = MainController.m; path = controller/MainController.m; sourceTree = "<group>"; };
		FE0EA4F214360EAF00977733 /* MainController.xib */ = {isa = PBXFileReference; lastKnownFileType = file.xib; name = MainController.xib; path = ui/MainController.xib; sourceTree = "<group>"; };
		FE0EA5341436219A00977733 /* FriendsController.h */ = {isa = PBXFileReference; fileEncoding = 4; lastKnownFileType = sourcecode.c.h; name = FriendsController.h; path = controller/FriendsController.h; sourceTree = "<group>"; };
		FE0EA5351436219A00977733 /* FriendsController.m */ = {isa = PBXFileReference; fileEncoding = 4; lastKnownFileType = sourcecode.c.objc; name = FriendsController.m; path = controller/FriendsController.m; sourceTree = "<group>"; };
		FE0EA53C143621F600977733 /* FriendsController.xib */ = {isa = PBXFileReference; lastKnownFileType = file.xib; name = FriendsController.xib; path = ui/FriendsController.xib; sourceTree = "<group>"; };
		FE0EFDC5143070AC0021C7A3 /* SettingForm.h */ = {isa = PBXFileReference; fileEncoding = 4; lastKnownFileType = sourcecode.c.h; name = SettingForm.h; path = model/formModel/SettingForm.h; sourceTree = "<group>"; };
		FE0EFDC6143070AC0021C7A3 /* SettingForm.m */ = {isa = PBXFileReference; fileEncoding = 4; lastKnownFileType = sourcecode.c.objc; name = SettingForm.m; path = model/formModel/SettingForm.m; sourceTree = "<group>"; };
		FE127F431442B7AF0036BA68 /* AddFriendController.h */ = {isa = PBXFileReference; fileEncoding = 4; lastKnownFileType = sourcecode.c.h; name = AddFriendController.h; path = controller/AddFriendController.h; sourceTree = "<group>"; };
		FE127F441442B7AF0036BA68 /* AddFriendController.m */ = {isa = PBXFileReference; fileEncoding = 4; lastKnownFileType = sourcecode.c.objc; name = AddFriendController.m; path = controller/AddFriendController.m; sourceTree = "<group>"; };
		FE127FD71442C8E70036BA68 /* AddFriendController.xib */ = {isa = PBXFileReference; lastKnownFileType = file.xib; name = AddFriendController.xib; path = ui/AddFriendController.xib; sourceTree = "<group>"; };
		FE127FD91442C95B0036BA68 /* AddFriendForm.h */ = {isa = PBXFileReference; fileEncoding = 4; lastKnownFileType = sourcecode.c.h; name = AddFriendForm.h; path = model/formModel/AddFriendForm.h; sourceTree = "<group>"; };
		FE127FDA1442C95B0036BA68 /* AddFriendForm.m */ = {isa = PBXFileReference; fileEncoding = 4; lastKnownFileType = sourcecode.c.objc; name = AddFriendForm.m; path = model/formModel/AddFriendForm.m; sourceTree = "<group>"; };
		FE13CE6514233DD000795A0B /* LoginController.h */ = {isa = PBXFileReference; fileEncoding = 4; lastKnownFileType = sourcecode.c.h; name = LoginController.h; path = controller/LoginController.h; sourceTree = "<group>"; };
		FE13CE6614233DD000795A0B /* LoginController.m */ = {isa = PBXFileReference; fileEncoding = 4; lastKnownFileType = sourcecode.c.objc; name = LoginController.m; path = controller/LoginController.m; sourceTree = "<group>"; };
		FE13CE9D142341F400795A0B /* RegisterController.xib */ = {isa = PBXFileReference; lastKnownFileType = file.xib; name = RegisterController.xib; path = ui/RegisterController.xib; sourceTree = "<group>"; };
		FE13CE9E142341F400795A0B /* LoginController.xib */ = {isa = PBXFileReference; lastKnownFileType = file.xib; name = LoginController.xib; path = ui/LoginController.xib; sourceTree = "<group>"; };
		FE13CE9F142341F400795A0B /* MainWindow.xib */ = {isa = PBXFileReference; lastKnownFileType = file.xib; name = MainWindow.xib; path = ui/MainWindow.xib; sourceTree = "<group>"; };
		FE13CEA31423420700795A0B /* RegisterController.m */ = {isa = PBXFileReference; fileEncoding = 4; lastKnownFileType = sourcecode.c.objc; name = RegisterController.m; path = controller/RegisterController.m; sourceTree = "<group>"; };
		FE13CEA41423420700795A0B /* RegisterController.h */ = {isa = PBXFileReference; fileEncoding = 4; lastKnownFileType = sourcecode.c.h; name = RegisterController.h; path = controller/RegisterController.h; sourceTree = "<group>"; };
		FE144772143ACA790002B5A0 /* CoreDataService.h */ = {isa = PBXFileReference; fileEncoding = 4; lastKnownFileType = sourcecode.c.h; name = CoreDataService.h; path = service/coreData/CoreDataService.h; sourceTree = "<group>"; };
		FE144773143ACA790002B5A0 /* CoreDataService.m */ = {isa = PBXFileReference; fileEncoding = 4; lastKnownFileType = sourcecode.c.objc; name = CoreDataService.m; path = service/coreData/CoreDataService.m; sourceTree = "<group>"; };
		FE161D751428BC4500724EEC /* HttpService.h */ = {isa = PBXFileReference; fileEncoding = 4; lastKnownFileType = sourcecode.c.h; name = HttpService.h; path = service/network/HttpService.h; sourceTree = "<group>"; };
		FE161D761428BC4500724EEC /* HttpService.m */ = {isa = PBXFileReference; fileEncoding = 4; lastKnownFileType = sourcecode.c.objc; name = HttpService.m; path = service/network/HttpService.m; sourceTree = "<group>"; };
		FE1B6F5A1437736800826653 /* CoreData.framework */ = {isa = PBXFileReference; lastKnownFileType = wrapper.framework; name = CoreData.framework; path = System/Library/Frameworks/CoreData.framework; sourceTree = SDKROOT; };
		FE1CAB49141F52D900C022AA /* BaseService.h */ = {isa = PBXFileReference; fileEncoding = 4; lastKnownFileType = sourcecode.c.h; name = BaseService.h; path = service/BaseService.h; sourceTree = "<group>"; };
		FE1CAB4A141F52D900C022AA /* BaseService.m */ = {isa = PBXFileReference; fileEncoding = 4; lastKnownFileType = sourcecode.c.objc; name = BaseService.m; path = service/BaseService.m; sourceTree = "<group>"; };
		FE1CAB4C141F531600C022AA /* BaseController.h */ = {isa = PBXFileReference; fileEncoding = 4; lastKnownFileType = sourcecode.c.h; name = BaseController.h; path = controller/BaseController.h; sourceTree = "<group>"; };
		FE1CAB4D141F531600C022AA /* BaseController.m */ = {isa = PBXFileReference; fileEncoding = 4; lastKnownFileType = sourcecode.c.objc; name = BaseController.m; path = controller/BaseController.m; sourceTree = "<group>"; };
		FE1DA6AE144304DC0040FA30 /* FriendRequest.h */ = {isa = PBXFileReference; fileEncoding = 4; lastKnownFileType = sourcecode.c.h; name = FriendRequest.h; path = model/commonsModel/FriendRequest.h; sourceTree = "<group>"; };
		FE1DA6AF144304DC0040FA30 /* FriendRequest.m */ = {isa = PBXFileReference; fileEncoding = 4; lastKnownFileType = sourcecode.c.objc; name = FriendRequest.m; path = model/commonsModel/FriendRequest.m; sourceTree = "<group>"; };
		FE1DA6B114430B760040FA30 /* Cache.h */ = {isa = PBXFileReference; fileEncoding = 4; lastKnownFileType = sourcecode.c.h; name = Cache.h; path = model/commonsModel/Cache.h; sourceTree = "<group>"; };
		FE1DA6B214430B760040FA30 /* Cache.m */ = {isa = PBXFileReference; fileEncoding = 4; lastKnownFileType = sourcecode.c.objc; name = Cache.m; path = model/commonsModel/Cache.m; sourceTree = "<group>"; };
		FE23A16714436BBC00E7E267 /* FriendRequestController.h */ = {isa = PBXFileReference; fileEncoding = 4; lastKnownFileType = sourcecode.c.h; name = FriendRequestController.h; path = controller/FriendRequestController.h; sourceTree = "<group>"; };
		FE23A16814436BBC00E7E267 /* FriendRequestController.m */ = {isa = PBXFileReference; fileEncoding = 4; lastKnownFileType = sourcecode.c.objc; name = FriendRequestController.m; path = controller/FriendRequestController.m; sourceTree = "<group>"; };
		FE23A16D14436C0000E7E267 /* FriendRequestController.xib */ = {isa = PBXFileReference; lastKnownFileType = file.xib; name = FriendRequestController.xib; path = ui/FriendRequestController.xib; sourceTree = "<group>"; };
		FE23BA84141F6FAC003C4F5E /* AccountService.h */ = {isa = PBXFileReference; fileEncoding = 4; lastKnownFileType = sourcecode.c.h; name = AccountService.h; path = service/AccountService.h; sourceTree = "<group>"; };
		FE23BA85141F6FAC003C4F5E /* AccountService.m */ = {isa = PBXFileReference; fileEncoding = 4; lastKnownFileType = sourcecode.c.objc; name = AccountService.m; path = service/AccountService.m; sourceTree = "<group>"; };
		FE23BAA2141F733A003C4F5E /* RegisterForm.h */ = {isa = PBXFileReference; fileEncoding = 4; lastKnownFileType = sourcecode.c.h; name = RegisterForm.h; path = model/formModel/RegisterForm.h; sourceTree = "<group>"; };
		FE23BAA3141F733A003C4F5E /* RegisterForm.m */ = {isa = PBXFileReference; fileEncoding = 4; lastKnownFileType = sourcecode.c.objc; name = RegisterForm.m; path = model/formModel/RegisterForm.m; sourceTree = "<group>"; };
		FE23BAA5141F7391003C4F5E /* BaseFormModel.h */ = {isa = PBXFileReference; fileEncoding = 4; lastKnownFileType = sourcecode.c.h; name = BaseFormModel.h; path = model/formModel/BaseFormModel.h; sourceTree = "<group>"; };
		FE23BAA6141F7391003C4F5E /* BaseFormModel.m */ = {isa = PBXFileReference; fileEncoding = 4; lastKnownFileType = sourcecode.c.objc; name = BaseFormModel.m; path = model/formModel/BaseFormModel.m; sourceTree = "<group>"; };
		FE23BAC1141F7CAE003C4F5E /* LoginForm.h */ = {isa = PBXFileReference; fileEncoding = 4; lastKnownFileType = sourcecode.c.h; name = LoginForm.h; path = model/formModel/LoginForm.h; sourceTree = "<group>"; };
		FE23BAC2141F7CAE003C4F5E /* LoginForm.m */ = {isa = PBXFileReference; fileEncoding = 4; lastKnownFileType = sourcecode.c.objc; name = LoginForm.m; path = model/formModel/LoginForm.m; sourceTree = "<group>"; };
		FE25819C141FBDD200F890F7 /* ProValidateForm.h */ = {isa = PBXFileReference; fileEncoding = 4; lastKnownFileType = sourcecode.c.h; name = ProValidateForm.h; path = model/formModel/ProValidateForm.h; sourceTree = "<group>"; };
		FE416CBD1440314A001DE5DF /* SearchFriendsController.h */ = {isa = PBXFileReference; fileEncoding = 4; lastKnownFileType = sourcecode.c.h; name = SearchFriendsController.h; path = controller/SearchFriendsController.h; sourceTree = "<group>"; };
		FE416CBE1440314A001DE5DF /* SearchFriendsController.m */ = {isa = PBXFileReference; fileEncoding = 4; lastKnownFileType = sourcecode.c.objc; name = SearchFriendsController.m; path = controller/SearchFriendsController.m; sourceTree = "<group>"; };
		FE416CC214403192001DE5DF /* SearchFriendsController.xib */ = {isa = PBXFileReference; lastKnownFileType = file.xib; name = SearchFriendsController.xib; path = ui/SearchFriendsController.xib; sourceTree = "<group>"; };
		FE416D1D1440A0ED001DE5DF /* FriendsService.h */ = {isa = PBXFileReference; fileEncoding = 4; lastKnownFileType = sourcecode.c.h; name = FriendsService.h; path = service/FriendsService.h; sourceTree = "<group>"; };
		FE416D1E1440A0ED001DE5DF /* FriendsService.m */ = {isa = PBXFileReference; fileEncoding = 4; lastKnownFileType = sourcecode.c.objc; name = FriendsService.m; path = service/FriendsService.m; sourceTree = "<group>"; };
		FE45A1CF143F23CC002D35C4 /* SynchronizeDataService.h */ = {isa = PBXFileReference; fileEncoding = 4; lastKnownFileType = sourcecode.c.h; name = SynchronizeDataService.h; path = service/SynchronizeDataService.h; sourceTree = "<group>"; };
		FE45A1D0143F23CC002D35C4 /* SynchronizeDataService.m */ = {isa = PBXFileReference; fileEncoding = 4; lastKnownFileType = sourcecode.c.objc; name = SynchronizeDataService.m; path = service/SynchronizeDataService.m; sourceTree = "<group>"; };
		FE45D471142B56E6004B0097 /* SinaService.h */ = {isa = PBXFileReference; fileEncoding = 4; lastKnownFileType = sourcecode.c.h; name = SinaService.h; path = service/thirdParty/SinaService.h; sourceTree = "<group>"; };
		FE45D472142B56E6004B0097 /* SinaService.m */ = {isa = PBXFileReference; fileEncoding = 4; lastKnownFileType = sourcecode.c.objc; name = SinaService.m; path = service/thirdParty/SinaService.m; sourceTree = "<group>"; };
		FE4F7603143B17FF00190EA8 /* CoreDataException.h */ = {isa = PBXFileReference; fileEncoding = 4; lastKnownFileType = sourcecode.c.h; name = CoreDataException.h; path = exceptions/CoreDataException.h; sourceTree = "<group>"; };
		FE4F7604143B17FF00190EA8 /* CoreDataException.m */ = {isa = PBXFileReference; fileEncoding = 4; lastKnownFileType = sourcecode.c.objc; name = CoreDataException.m; path = exceptions/CoreDataException.m; sourceTree = "<group>"; };
		FE616DC114288E9B00477CB1 /* FormValidator.h */ = {isa = PBXFileReference; fileEncoding = 4; lastKnownFileType = sourcecode.c.h; name = FormValidator.h; path = model/formModel/FormValidator.h; sourceTree = "<group>"; };
		FE616DC214288E9B00477CB1 /* FormValidator.m */ = {isa = PBXFileReference; fileEncoding = 4; lastKnownFileType = sourcecode.c.objc; name = FormValidator.m; path = model/formModel/FormValidator.m; sourceTree = "<group>"; };
		FE7199081430C1E300B70636 /* Settings.bundle */ = {isa = PBXFileReference; lastKnownFileType = "wrapper.plug-in"; name = Settings.bundle; path = Resources/Settings.bundle; sourceTree = "<group>"; };
		FE7A73C71438966100A1B08F /* Account.h */ = {isa = PBXFileReference; fileEncoding = 4; lastKnownFileType = sourcecode.c.h; name = Account.h; path = model/dataModel/Account.h; sourceTree = "<group>"; };
		FE7A73C81438966100A1B08F /* Account.m */ = {isa = PBXFileReference; fileEncoding = 4; lastKnownFileType = sourcecode.c.objc; name = Account.m; path = model/dataModel/Account.m; sourceTree = "<group>"; };
		FE7A73C91438966100A1B08F /* BaseDataModel.h */ = {isa = PBXFileReference; fileEncoding = 4; lastKnownFileType = sourcecode.c.h; name = BaseDataModel.h; path = model/dataModel/BaseDataModel.h; sourceTree = "<group>"; };
		FE7A73CA1438966100A1B08F /* BaseDataModel.m */ = {isa = PBXFileReference; fileEncoding = 4; lastKnownFileType = sourcecode.c.objc; name = BaseDataModel.m; path = model/dataModel/BaseDataModel.m; sourceTree = "<group>"; };
		FE83EB9014397FC000117E6E /* omedia.xcdatamodel */ = {isa = PBXFileReference; fileEncoding = 4; lastKnownFileType = wrapper.xcdatamodel; name = omedia.xcdatamodel; path = Resources/omedia.xcdatamodel; sourceTree = "<group>"; };
		FE83EFEA1439865E00117E6E /* JSON.h */ = {isa = PBXFileReference; fileEncoding = 4; lastKnownFileType = sourcecode.c.h; path = JSON.h; sourceTree = "<group>"; };
		FE83EFEB1439865E00117E6E /* NSObject+SBJson.h */ = {isa = PBXFileReference; fileEncoding = 4; lastKnownFileType = sourcecode.c.h; path = "NSObject+SBJson.h"; sourceTree = "<group>"; };
		FE83EFEC1439865E00117E6E /* NSObject+SBJson.m */ = {isa = PBXFileReference; fileEncoding = 4; lastKnownFileType = sourcecode.c.objc; path = "NSObject+SBJson.m"; sourceTree = "<group>"; };
		FE83EFED1439865E00117E6E /* SBJson.h */ = {isa = PBXFileReference; fileEncoding = 4; lastKnownFileType = sourcecode.c.h; path = SBJson.h; sourceTree = "<group>"; };
		FE83EFEE1439865E00117E6E /* SBJsonParser.h */ = {isa = PBXFileReference; fileEncoding = 4; lastKnownFileType = sourcecode.c.h; path = SBJsonParser.h; sourceTree = "<group>"; };
		FE83EFEF1439865E00117E6E /* SBJsonParser.m */ = {isa = PBXFileReference; fileEncoding = 4; lastKnownFileType = sourcecode.c.objc; path = SBJsonParser.m; sourceTree = "<group>"; };
		FE83EFF01439865E00117E6E /* SBJsonStreamParser.h */ = {isa = PBXFileReference; fileEncoding = 4; lastKnownFileType = sourcecode.c.h; path = SBJsonStreamParser.h; sourceTree = "<group>"; };
		FE83EFF11439865E00117E6E /* SBJsonStreamParser.m */ = {isa = PBXFileReference; fileEncoding = 4; lastKnownFileType = sourcecode.c.objc; path = SBJsonStreamParser.m; sourceTree = "<group>"; };
		FE83EFF21439865E00117E6E /* SBJsonStreamParserAccumulator.h */ = {isa = PBXFileReference; fileEncoding = 4; lastKnownFileType = sourcecode.c.h; path = SBJsonStreamParserAccumulator.h; sourceTree = "<group>"; };
		FE83EFF31439865E00117E6E /* SBJsonStreamParserAccumulator.m */ = {isa = PBXFileReference; fileEncoding = 4; lastKnownFileType = sourcecode.c.objc; path = SBJsonStreamParserAccumulator.m; sourceTree = "<group>"; };
		FE83EFF41439865E00117E6E /* SBJsonStreamParserAdapter.h */ = {isa = PBXFileReference; fileEncoding = 4; lastKnownFileType = sourcecode.c.h; path = SBJsonStreamParserAdapter.h; sourceTree = "<group>"; };
		FE83EFF51439865E00117E6E /* SBJsonStreamParserAdapter.m */ = {isa = PBXFileReference; fileEncoding = 4; lastKnownFileType = sourcecode.c.objc; path = SBJsonStreamParserAdapter.m; sourceTree = "<group>"; };
		FE83EFF61439865E00117E6E /* SBJsonStreamParserState.h */ = {isa = PBXFileReference; fileEncoding = 4; lastKnownFileType = sourcecode.c.h; path = SBJsonStreamParserState.h; sourceTree = "<group>"; };
		FE83EFF71439865E00117E6E /* SBJsonStreamParserState.m */ = {isa = PBXFileReference; fileEncoding = 4; lastKnownFileType = sourcecode.c.objc; path = SBJsonStreamParserState.m; sourceTree = "<group>"; };
		FE83EFF81439865E00117E6E /* SBJsonStreamWriter.h */ = {isa = PBXFileReference; fileEncoding = 4; lastKnownFileType = sourcecode.c.h; path = SBJsonStreamWriter.h; sourceTree = "<group>"; };
		FE83EFF91439865E00117E6E /* SBJsonStreamWriter.m */ = {isa = PBXFileReference; fileEncoding = 4; lastKnownFileType = sourcecode.c.objc; path = SBJsonStreamWriter.m; sourceTree = "<group>"; };
		FE83EFFA1439865E00117E6E /* SBJsonStreamWriterAccumulator.h */ = {isa = PBXFileReference; fileEncoding = 4; lastKnownFileType = sourcecode.c.h; path = SBJsonStreamWriterAccumulator.h; sourceTree = "<group>"; };
		FE83EFFB1439865E00117E6E /* SBJsonStreamWriterAccumulator.m */ = {isa = PBXFileReference; fileEncoding = 4; lastKnownFileType = sourcecode.c.objc; path = SBJsonStreamWriterAccumulator.m; sourceTree = "<group>"; };
		FE83EFFC1439865E00117E6E /* SBJsonStreamWriterState.h */ = {isa = PBXFileReference; fileEncoding = 4; lastKnownFileType = sourcecode.c.h; path = SBJsonStreamWriterState.h; sourceTree = "<group>"; };
		FE83EFFD1439865E00117E6E /* SBJsonStreamWriterState.m */ = {isa = PBXFileReference; fileEncoding = 4; lastKnownFileType = sourcecode.c.objc; path = SBJsonStreamWriterState.m; sourceTree = "<group>"; };
		FE83EFFE1439865E00117E6E /* SBJsonTokeniser.h */ = {isa = PBXFileReference; fileEncoding = 4; lastKnownFileType = sourcecode.c.h; path = SBJsonTokeniser.h; sourceTree = "<group>"; };
		FE83EFFF1439865E00117E6E /* SBJsonTokeniser.m */ = {isa = PBXFileReference; fileEncoding = 4; lastKnownFileType = sourcecode.c.objc; path = SBJsonTokeniser.m; sourceTree = "<group>"; };
		FE83F0001439865E00117E6E /* SBJsonUTF8Stream.h */ = {isa = PBXFileReference; fileEncoding = 4; lastKnownFileType = sourcecode.c.h; path = SBJsonUTF8Stream.h; sourceTree = "<group>"; };
		FE83F0011439865E00117E6E /* SBJsonUTF8Stream.m */ = {isa = PBXFileReference; fileEncoding = 4; lastKnownFileType = sourcecode.c.objc; path = SBJsonUTF8Stream.m; sourceTree = "<group>"; };
		FE83F0021439865E00117E6E /* SBJsonWriter.h */ = {isa = PBXFileReference; fileEncoding = 4; lastKnownFileType = sourcecode.c.h; path = SBJsonWriter.h; sourceTree = "<group>"; };
		FE83F0031439865E00117E6E /* SBJsonWriter.m */ = {isa = PBXFileReference; fileEncoding = 4; lastKnownFileType = sourcecode.c.objc; path = SBJsonWriter.m; sourceTree = "<group>"; };
		FE83F04514398A2B00117E6E /* JsonUtil.h */ = {isa = PBXFileReference; fileEncoding = 4; lastKnownFileType = sourcecode.c.h; name = JsonUtil.h; path = utils/JsonUtil.h; sourceTree = "<group>"; };
		FE83F04614398A2B00117E6E /* JsonUtil.m */ = {isa = PBXFileReference; fileEncoding = 4; lastKnownFileType = sourcecode.c.objc; name = JsonUtil.m; path = utils/JsonUtil.m; sourceTree = "<group>"; };
		FEC80D1C1430C27900B1A07C /* English */ = {isa = PBXFileReference; fileEncoding = 4; lastKnownFileType = text.plist.strings; name = English; path = Resources/Settings.bundle/English.lproj/Root.strings; sourceTree = "<group>"; };
		FEC80D201430C29100B1A07C /* zh_CN */ = {isa = PBXFileReference; lastKnownFileType = text.plist.strings; name = zh_CN; path = Resources/Settings.bundle/zh_CN.lproj/Root.strings; sourceTree = "<group>"; };
		FEFFA66F144457F100311E33 /* EditFriendController.h */ = {isa = PBXFileReference; fileEncoding = 4; lastKnownFileType = sourcecode.c.h; name = EditFriendController.h; path = controller/EditFriendController.h; sourceTree = "<group>"; };
		FEFFA670144457F100311E33 /* EditFriendController.m */ = {isa = PBXFileReference; fileEncoding = 4; lastKnownFileType = sourcecode.c.objc; name = EditFriendController.m; path = controller/EditFriendController.m; sourceTree = "<group>"; };
		FEFFA6741444582300311E33 /* EditFriendController.xib */ = {isa = PBXFileReference; lastKnownFileType = file.xib; name = EditFriendController.xib; path = ui/EditFriendController.xib; sourceTree = "<group>"; };
/* End PBXFileReference section */

/* Begin PBXFrameworksBuildPhase section */
		1D60588F0D05DD3D006BFB54 /* Frameworks */ = {
			isa = PBXFrameworksBuildPhase;
			buildActionMask = 2147483647;
			files = (
				1D60589F0D05DD5A006BFB54 /* Foundation.framework in Frameworks */,
				1DF5F4E00D08C38300B7A737 /* UIKit.framework in Frameworks */,
				288765FD0DF74451002DB57D /* CoreGraphics.framework in Frameworks */,
				FE1B6F5B1437736800826653 /* CoreData.framework in Frameworks */,
			);
			runOnlyForDeploymentPostprocessing = 0;
		};
/* End PBXFrameworksBuildPhase section */

/* Begin PBXGroup section */
		080E96DDFE201D6D7F000001 /* Classes */ = {
			isa = PBXGroup;
			children = (
				FE4F7602143B17D300190EA8 /* exceptions */,
				FE83F04414398A1100117E6E /* utils */,
				FE1CAB48141F529800C022AA /* model */,
				FE1CAB47141F528B00C022AA /* controller */,
				FE1CAB46141F528200C022AA /* service */,
				1D3623240D0F684500981E51 /* omediaAppDelegate.h */,
				1D3623250D0F684500981E51 /* omediaAppDelegate.m */,
			);
			path = Classes;
			sourceTree = "<group>";
		};
		19C28FACFE9D520D11CA2CBB /* Products */ = {
			isa = PBXGroup;
			children = (
				1D6058910D05DD3D006BFB54 /* omedia.app */,
			);
			name = Products;
			sourceTree = "<group>";
		};
		29B97314FDCFA39411CA2CEA /* CustomTemplate */ = {
			isa = PBXGroup;
			children = (
				FE83EFE81439864D00117E6E /* lib */,
				FE13CE9C142341E300795A0B /* ui */,
				080E96DDFE201D6D7F000001 /* Classes */,
				29B97315FDCFA39411CA2CEA /* Other Sources */,
				29B97317FDCFA39411CA2CEA /* Resources */,
				29B97323FDCFA39411CA2CEA /* Frameworks */,
				19C28FACFE9D520D11CA2CBB /* Products */,
			);
			name = CustomTemplate;
			sourceTree = "<group>";
		};
		29B97315FDCFA39411CA2CEA /* Other Sources */ = {
			isa = PBXGroup;
			children = (
				32CA4F630368D1EE00C91783 /* omedia_Prefix.pch */,
				29B97316FDCFA39411CA2CEA /* main.m */,
			);
			name = "Other Sources";
			sourceTree = "<group>";
		};
		29B97317FDCFA39411CA2CEA /* Resources */ = {
			isa = PBXGroup;
			children = (
				FE83EB9014397FC000117E6E /* omedia.xcdatamodel */,
				8D1107310486CEB800E47090 /* omedia-Info.plist */,
				FE7199081430C1E300B70636 /* Settings.bundle */,
				FEC80D1E1430C28200B1A07C /* Root.strings */,
			);
			name = Resources;
			sourceTree = "<group>";
		};
		29B97323FDCFA39411CA2CEA /* Frameworks */ = {
			isa = PBXGroup;
			children = (
				1DF5F4DF0D08C38300B7A737 /* UIKit.framework */,
				1D30AB110D05D00D00671497 /* Foundation.framework */,
				288765FC0DF74451002DB57D /* CoreGraphics.framework */,
				FE1B6F5A1437736800826653 /* CoreData.framework */,
			);
			name = Frameworks;
			sourceTree = "<group>";
		};
		FE005A1114414ACE009DE693 /* commonsModel */ = {
			isa = PBXGroup;
			children = (
				FE005A1214414B00009DE693 /* Friend.h */,
				FE005A1314414B00009DE693 /* Friend.m */,
				FE1DA6AE144304DC0040FA30 /* FriendRequest.h */,
				FE1DA6AF144304DC0040FA30 /* FriendRequest.m */,
				FE1DA6B114430B760040FA30 /* Cache.h */,
				FE1DA6B214430B760040FA30 /* Cache.m */,
			);
			name = commonsModel;
			sourceTree = "<group>";
		};
		FE127F3D1442B6E80036BA68 /* friends */ = {
			isa = PBXGroup;
			children = (
				FE0EA5341436219A00977733 /* FriendsController.h */,
				FE0EA5351436219A00977733 /* FriendsController.m */,
				FE416CBD1440314A001DE5DF /* SearchFriendsController.h */,
				FE416CBE1440314A001DE5DF /* SearchFriendsController.m */,
				FE127F431442B7AF0036BA68 /* AddFriendController.h */,
				FE127F441442B7AF0036BA68 /* AddFriendController.m */,
				FEFFA66F144457F100311E33 /* EditFriendController.h */,
				FEFFA670144457F100311E33 /* EditFriendController.m */,
			);
			name = friends;
			sourceTree = "<group>";
		};
		FE13CE9C142341E300795A0B /* ui */ = {
			isa = PBXGroup;
			children = (
				FEFFA6741444582300311E33 /* EditFriendController.xib */,
				FE0B15AD1443FAEA0047537A /* FriendRequestReplyController.xib */,
				FE23A16D14436C0000E7E267 /* FriendRequestController.xib */,
				FE127FD71442C8E70036BA68 /* AddFriendController.xib */,
				FE416CC214403192001DE5DF /* SearchFriendsController.xib */,
				FE0EA53C143621F600977733 /* FriendsController.xib */,
				FE13CE9D142341F400795A0B /* RegisterController.xib */,
				FE0EA4F214360EAF00977733 /* MainController.xib */,
				FE0248B51428390700465F02 /* SettingController.xib */,
				FE13CE9E142341F400795A0B /* LoginController.xib */,
				FE13CE9F142341F400795A0B /* MainWindow.xib */,
			);
			name = ui;
			sourceTree = "<group>";
		};
		FE144771143ACA320002B5A0 /* coreData */ = {
			isa = PBXGroup;
			children = (
				FE144772143ACA790002B5A0 /* CoreDataService.h */,
				FE144773143ACA790002B5A0 /* CoreDataService.m */,
			);
			name = coreData;
			sourceTree = "<group>";
		};
		FE161D741428BC2000724EEC /* network */ = {
			isa = PBXGroup;
			children = (
				FE161D751428BC4500724EEC /* HttpService.h */,
				FE161D761428BC4500724EEC /* HttpService.m */,
				FE05606E142C67B1001FC8E0 /* HttpConnectionDelegate.h */,
				FE05606F142C67B1001FC8E0 /* HttpConnectionDelegate.m */,
			);
			name = network;
			sourceTree = "<group>";
		};
		FE1CAB46141F528200C022AA /* service */ = {
			isa = PBXGroup;
			children = (
				FE144771143ACA320002B5A0 /* coreData */,
				FE45D470142B56A9004B0097 /* thirdParty */,
				FE161D741428BC2000724EEC /* network */,
				FE23BA84141F6FAC003C4F5E /* AccountService.h */,
				FE23BA85141F6FAC003C4F5E /* AccountService.m */,
				FE1CAB49141F52D900C022AA /* BaseService.h */,
				FE1CAB4A141F52D900C022AA /* BaseService.m */,
				FE45A1CF143F23CC002D35C4 /* SynchronizeDataService.h */,
				FE45A1D0143F23CC002D35C4 /* SynchronizeDataService.m */,
				FE416D1D1440A0ED001DE5DF /* FriendsService.h */,
				FE416D1E1440A0ED001DE5DF /* FriendsService.m */,
			);
			name = service;
			sourceTree = "<group>";
		};
		FE1CAB47141F528B00C022AA /* controller */ = {
			isa = PBXGroup;
			children = (
				FE23A16614436B8900E7E267 /* notification */,
				FE127F3D1442B6E80036BA68 /* friends */,
				FE0EA4D314360E3200977733 /* MainController.h */,
				FE0EA4D414360E3200977733 /* MainController.m */,
				FE13CEA31423420700795A0B /* RegisterController.m */,
				FE13CEA41423420700795A0B /* RegisterController.h */,
				FE1CAB4C141F531600C022AA /* BaseController.h */,
				FE1CAB4D141F531600C022AA /* BaseController.m */,
				FE13CE6514233DD000795A0B /* LoginController.h */,
				FE13CE6614233DD000795A0B /* LoginController.m */,
				FE0248AA142838D400465F02 /* SettingController.h */,
				FE0248AB142838D400465F02 /* SettingController.m */,
				FE0B15D01443FDD70047537A /* PopupController.h */,
				FE0B15D11443FDD70047537A /* PopupController.m */,
			);
			name = controller;
			sourceTree = "<group>";
		};
		FE1CAB48141F529800C022AA /* model */ = {
			isa = PBXGroup;
			children = (
				FE005A1114414ACE009DE693 /* commonsModel */,
				FE1CAB50141F532900C022AA /* dataModel */,
				FE1CAB4F141F531D00C022AA /* formModel */,
			);
			name = model;
			sourceTree = "<group>";
		};
		FE1CAB4F141F531D00C022AA /* formModel */ = {
			isa = PBXGroup;
			children = (
				FE23BAA5141F7391003C4F5E /* BaseFormModel.h */,
				FE23BAA6141F7391003C4F5E /* BaseFormModel.m */,
				FE23BAA2141F733A003C4F5E /* RegisterForm.h */,
				FE23BAA3141F733A003C4F5E /* RegisterForm.m */,
				FE23BAC1141F7CAE003C4F5E /* LoginForm.h */,
				FE23BAC2141F7CAE003C4F5E /* LoginForm.m */,
				FE25819C141FBDD200F890F7 /* ProValidateForm.h */,
				FE616DC114288E9B00477CB1 /* FormValidator.h */,
				FE616DC214288E9B00477CB1 /* FormValidator.m */,
				FE0EFDC5143070AC0021C7A3 /* SettingForm.h */,
				FE0EFDC6143070AC0021C7A3 /* SettingForm.m */,
				FE127FD91442C95B0036BA68 /* AddFriendForm.h */,
				FE127FDA1442C95B0036BA68 /* AddFriendForm.m */,
				FE0B15FD14440D0C0047537A /* FriendRequestReplyForm.h */,
				FE0B15FE14440D0C0047537A /* FriendRequestReplyForm.m */,
			);
			name = formModel;
			sourceTree = "<group>";
		};
		FE1CAB50141F532900C022AA /* dataModel */ = {
			isa = PBXGroup;
			children = (
				FE7A73C71438966100A1B08F /* Account.h */,
				FE7A73C81438966100A1B08F /* Account.m */,
				FE7A73C91438966100A1B08F /* BaseDataModel.h */,
				FE7A73CA1438966100A1B08F /* BaseDataModel.m */,
			);
			name = dataModel;
			sourceTree = "<group>";
		};
		FE23A16614436B8900E7E267 /* notification */ = {
			isa = PBXGroup;
			children = (
				FE23A16714436BBC00E7E267 /* FriendRequestController.h */,
				FE23A16814436BBC00E7E267 /* FriendRequestController.m */,
				FE0B15A81443FAB10047537A /* FriendRequestReplyController.h */,
				FE0B15A91443FAB10047537A /* FriendRequestReplyController.m */,
			);
			name = notification;
			sourceTree = "<group>";
		};
		FE45D470142B56A9004B0097 /* thirdParty */ = {
			isa = PBXGroup;
			children = (
				FE45D471142B56E6004B0097 /* SinaService.h */,
				FE45D472142B56E6004B0097 /* SinaService.m */,
			);
			name = thirdParty;
			sourceTree = "<group>";
		};
		FE4F7602143B17D300190EA8 /* exceptions */ = {
			isa = PBXGroup;
			children = (
				FE4F7603143B17FF00190EA8 /* CoreDataException.h */,
				FE4F7604143B17FF00190EA8 /* CoreDataException.m */,
				FE0D5B1D143B5C00001968B4 /* OmediaException.h */,
				FE0D5B1E143B5C00001968B4 /* OmediaException.m */,
			);
			name = exceptions;
			sourceTree = "<group>";
		};
		FE83EFE81439864D00117E6E /* lib */ = {
			isa = PBXGroup;
			children = (
				FE83EFE91439865E00117E6E /* json */,
			);
			name = lib;
			sourceTree = "<group>";
		};
		FE83EFE91439865E00117E6E /* json */ = {
			isa = PBXGroup;
			children = (
				FE83EFEA1439865E00117E6E /* JSON.h */,
				FE83EFEB1439865E00117E6E /* NSObject+SBJson.h */,
				FE83EFEC1439865E00117E6E /* NSObject+SBJson.m */,
				FE83EFED1439865E00117E6E /* SBJson.h */,
				FE83EFEE1439865E00117E6E /* SBJsonParser.h */,
				FE83EFEF1439865E00117E6E /* SBJsonParser.m */,
				FE83EFF01439865E00117E6E /* SBJsonStreamParser.h */,
				FE83EFF11439865E00117E6E /* SBJsonStreamParser.m */,
				FE83EFF21439865E00117E6E /* SBJsonStreamParserAccumulator.h */,
				FE83EFF31439865E00117E6E /* SBJsonStreamParserAccumulator.m */,
				FE83EFF41439865E00117E6E /* SBJsonStreamParserAdapter.h */,
				FE83EFF51439865E00117E6E /* SBJsonStreamParserAdapter.m */,
				FE83EFF61439865E00117E6E /* SBJsonStreamParserState.h */,
				FE83EFF71439865E00117E6E /* SBJsonStreamParserState.m */,
				FE83EFF81439865E00117E6E /* SBJsonStreamWriter.h */,
				FE83EFF91439865E00117E6E /* SBJsonStreamWriter.m */,
				FE83EFFA1439865E00117E6E /* SBJsonStreamWriterAccumulator.h */,
				FE83EFFB1439865E00117E6E /* SBJsonStreamWriterAccumulator.m */,
				FE83EFFC1439865E00117E6E /* SBJsonStreamWriterState.h */,
				FE83EFFD1439865E00117E6E /* SBJsonStreamWriterState.m */,
				FE83EFFE1439865E00117E6E /* SBJsonTokeniser.h */,
				FE83EFFF1439865E00117E6E /* SBJsonTokeniser.m */,
				FE83F0001439865E00117E6E /* SBJsonUTF8Stream.h */,
				FE83F0011439865E00117E6E /* SBJsonUTF8Stream.m */,
				FE83F0021439865E00117E6E /* SBJsonWriter.h */,
				FE83F0031439865E00117E6E /* SBJsonWriter.m */,
			);
			name = json;
			path = lib/json;
			sourceTree = "<group>";
		};
		FE83F04414398A1100117E6E /* utils */ = {
			isa = PBXGroup;
			children = (
				FE83F04514398A2B00117E6E /* JsonUtil.h */,
				FE83F04614398A2B00117E6E /* JsonUtil.m */,
				FE0A6A7E143DFC9600BCA54E /* UrlUtil.h */,
				FE0A6A7F143DFC9600BCA54E /* UrlUtil.m */,
			);
			name = utils;
			sourceTree = "<group>";
		};
/* End PBXGroup section */

/* Begin PBXNativeTarget section */
		1D6058900D05DD3D006BFB54 /* omedia */ = {
			isa = PBXNativeTarget;
			buildConfigurationList = 1D6058960D05DD3E006BFB54 /* Build configuration list for PBXNativeTarget "omedia" */;
			buildPhases = (
				1D60588D0D05DD3D006BFB54 /* Resources */,
				1D60588E0D05DD3D006BFB54 /* Sources */,
				1D60588F0D05DD3D006BFB54 /* Frameworks */,
			);
			buildRules = (
			);
			dependencies = (
			);
			name = omedia;
			productName = omedia;
			productReference = 1D6058910D05DD3D006BFB54 /* omedia.app */;
			productType = "com.apple.product-type.application";
		};
/* End PBXNativeTarget section */

/* Begin PBXProject section */
		29B97313FDCFA39411CA2CEA /* Project object */ = {
			isa = PBXProject;
			buildConfigurationList = C01FCF4E08A954540054247B /* Build configuration list for PBXProject "omedia" */;
			compatibilityVersion = "Xcode 3.2";
			developmentRegion = English;
			hasScannedForEncodings = 1;
			knownRegions = (
				English,
				Japanese,
				French,
				German,
				zh_CN,
				en,
			);
			mainGroup = 29B97314FDCFA39411CA2CEA /* CustomTemplate */;
			projectDirPath = "";
			projectRoot = "";
			targets = (
				1D6058900D05DD3D006BFB54 /* omedia */,
			);
		};
/* End PBXProject section */

/* Begin PBXResourcesBuildPhase section */
		1D60588D0D05DD3D006BFB54 /* Resources */ = {
			isa = PBXResourcesBuildPhase;
			buildActionMask = 2147483647;
			files = (
				FE13CEA0142341F400795A0B /* RegisterController.xib in Resources */,
				FE13CEA1142341F400795A0B /* LoginController.xib in Resources */,
				FE13CEA2142341F400795A0B /* MainWindow.xib in Resources */,
				FE0248B61428390700465F02 /* SettingController.xib in Resources */,
				FE7199091430C1E300B70636 /* Settings.bundle in Resources */,
				FEC80D1F1430C28200B1A07C /* Root.strings in Resources */,
				FE0EA4F314360EAF00977733 /* MainController.xib in Resources */,
				FE0EA53D143621F600977733 /* FriendsController.xib in Resources */,
				FE416CC314403192001DE5DF /* SearchFriendsController.xib in Resources */,
				FE127FD81442C8E70036BA68 /* AddFriendController.xib in Resources */,
				FE23A16E14436C0000E7E267 /* FriendRequestController.xib in Resources */,
				FE0B15AE1443FAEA0047537A /* FriendRequestReplyController.xib in Resources */,
				FEFFA6751444582300311E33 /* EditFriendController.xib in Resources */,
			);
			runOnlyForDeploymentPostprocessing = 0;
		};
/* End PBXResourcesBuildPhase section */

/* Begin PBXSourcesBuildPhase section */
		1D60588E0D05DD3D006BFB54 /* Sources */ = {
			isa = PBXSourcesBuildPhase;
			buildActionMask = 2147483647;
			files = (
				1D60589B0D05DD56006BFB54 /* main.m in Sources */,
				1D3623260D0F684500981E51 /* omediaAppDelegate.m in Sources */,
				FE1CAB4B141F52D900C022AA /* BaseService.m in Sources */,
				FE1CAB4E141F531600C022AA /* BaseController.m in Sources */,
				FE23BA86141F6FAC003C4F5E /* AccountService.m in Sources */,
				FE23BAA4141F733A003C4F5E /* RegisterForm.m in Sources */,
				FE23BAA7141F7391003C4F5E /* BaseFormModel.m in Sources */,
				FE23BAC3141F7CAE003C4F5E /* LoginForm.m in Sources */,
				FE13CE6814233DD000795A0B /* LoginController.m in Sources */,
				FE13CEA51423420700795A0B /* RegisterController.m in Sources */,
				FE0248AD142838D400465F02 /* SettingController.m in Sources */,
				FE616DC314288E9B00477CB1 /* FormValidator.m in Sources */,
				FE161D771428BC4500724EEC /* HttpService.m in Sources */,
				FE45D473142B56E6004B0097 /* SinaService.m in Sources */,
				FE056070142C67B1001FC8E0 /* HttpConnectionDelegate.m in Sources */,
				FE0EFDC7143070AC0021C7A3 /* SettingForm.m in Sources */,
				FE0EA4D614360E3200977733 /* MainController.m in Sources */,
				FE0EA5371436219A00977733 /* FriendsController.m in Sources */,
				FE7A73CB1438966100A1B08F /* Account.m in Sources */,
				FE7A73CC1438966100A1B08F /* BaseDataModel.m in Sources */,
				FE83EB9114397FC000117E6E /* omedia.xcdatamodel in Sources */,
				FE83F0041439865E00117E6E /* NSObject+SBJson.m in Sources */,
				FE83F0051439865E00117E6E /* SBJsonParser.m in Sources */,
				FE83F0061439865E00117E6E /* SBJsonStreamParser.m in Sources */,
				FE83F0071439865E00117E6E /* SBJsonStreamParserAccumulator.m in Sources */,
				FE83F0081439865E00117E6E /* SBJsonStreamParserAdapter.m in Sources */,
				FE83F0091439865E00117E6E /* SBJsonStreamParserState.m in Sources */,
				FE83F00A1439865E00117E6E /* SBJsonStreamWriter.m in Sources */,
				FE83F00B1439865E00117E6E /* SBJsonStreamWriterAccumulator.m in Sources */,
				FE83F00C1439865E00117E6E /* SBJsonStreamWriterState.m in Sources */,
				FE83F00D1439865E00117E6E /* SBJsonTokeniser.m in Sources */,
				FE83F00E1439865E00117E6E /* SBJsonUTF8Stream.m in Sources */,
				FE83F00F1439865E00117E6E /* SBJsonWriter.m in Sources */,
				FE83F04714398A2B00117E6E /* JsonUtil.m in Sources */,
				FE144774143ACA790002B5A0 /* CoreDataService.m in Sources */,
				FE4F7605143B17FF00190EA8 /* CoreDataException.m in Sources */,
				FE0D5B1F143B5C00001968B4 /* OmediaException.m in Sources */,
				FE0A6A80143DFC9600BCA54E /* UrlUtil.m in Sources */,
				FE45A1D1143F23CC002D35C4 /* SynchronizeDataService.m in Sources */,
				FE416CC01440314A001DE5DF /* SearchFriendsController.m in Sources */,
				FE416D1F1440A0ED001DE5DF /* FriendsService.m in Sources */,
				FE005A1414414B00009DE693 /* Friend.m in Sources */,
				FE127F461442B7AF0036BA68 /* AddFriendController.m in Sources */,
				FE127FDB1442C95B0036BA68 /* AddFriendForm.m in Sources */,
				FE1DA6B0144304DC0040FA30 /* FriendRequest.m in Sources */,
				FE1DA6B314430B760040FA30 /* Cache.m in Sources */,
				FE23A16A14436BBC00E7E267 /* FriendRequestController.m in Sources */,
				FE0B15AB1443FAB10047537A /* FriendRequestReplyController.m in Sources */,
				FE0B15D21443FDD70047537A /* PopupController.m in Sources */,
				FE0B15FF14440D0C0047537A /* FriendRequestReplyForm.m in Sources */,
				FEFFA672144457F100311E33 /* EditFriendController.m in Sources */,
			);
			runOnlyForDeploymentPostprocessing = 0;
		};
/* End PBXSourcesBuildPhase section */

/* Begin PBXVariantGroup section */
		FEC80D1E1430C28200B1A07C /* Root.strings */ = {
			isa = PBXVariantGroup;
			children = (
				FEC80D1C1430C27900B1A07C /* English */,
				FEC80D201430C29100B1A07C /* zh_CN */,
			);
			name = Root.strings;
			sourceTree = "<group>";
		};
/* End PBXVariantGroup section */

/* Begin XCBuildConfiguration section */
		1D6058940D05DD3E006BFB54 /* Debug */ = {
			isa = XCBuildConfiguration;
			buildSettings = {
				ALWAYS_SEARCH_USER_PATHS = NO;
				COPY_PHASE_STRIP = NO;
				GCC_DYNAMIC_NO_PIC = NO;
				GCC_OPTIMIZATION_LEVEL = 0;
				GCC_PRECOMPILE_PREFIX_HEADER = YES;
				GCC_PREFIX_HEADER = omedia_Prefix.pch;
				INFOPLIST_FILE = "omedia-Info.plist";
				PRODUCT_NAME = omedia;
			};
			name = Debug;
		};
		1D6058950D05DD3E006BFB54 /* Release */ = {
			isa = XCBuildConfiguration;
			buildSettings = {
				ALWAYS_SEARCH_USER_PATHS = NO;
				COPY_PHASE_STRIP = YES;
				GCC_PRECOMPILE_PREFIX_HEADER = YES;
				GCC_PREFIX_HEADER = omedia_Prefix.pch;
				INFOPLIST_FILE = "omedia-Info.plist";
				PRODUCT_NAME = omedia;
				VALIDATE_PRODUCT = YES;
			};
			name = Release;
		};
		C01FCF4F08A954540054247B /* Debug */ = {
			isa = XCBuildConfiguration;
			buildSettings = {
				ARCHS = "$(ARCHS_UNIVERSAL_IPHONE_OS)";
				"CODE_SIGN_IDENTITY[sdk=iphoneos*]" = "iPhone Developer";
				GCC_C_LANGUAGE_STANDARD = c99;
				GCC_WARN_ABOUT_RETURN_TYPE = YES;
				GCC_WARN_UNUSED_VARIABLE = YES;
				PREBINDING = NO;
				SDKROOT = iphoneos;
				TARGETED_DEVICE_FAMILY = 2;
			};
			name = Debug;
		};
		C01FCF5008A954540054247B /* Release */ = {
			isa = XCBuildConfiguration;
			buildSettings = {
				ARCHS = "$(ARCHS_UNIVERSAL_IPHONE_OS)";
				"CODE_SIGN_IDENTITY[sdk=iphoneos*]" = "iPhone Developer";
				GCC_C_LANGUAGE_STANDARD = c99;
				GCC_WARN_ABOUT_RETURN_TYPE = YES;
				GCC_WARN_UNUSED_VARIABLE = YES;
				OTHER_CFLAGS = "-DNS_BLOCK_ASSERTIONS=1";
				PREBINDING = NO;
				SDKROOT = iphoneos;
				TARGETED_DEVICE_FAMILY = 2;
			};
			name = Release;
		};
/* End XCBuildConfiguration section */

/* Begin XCConfigurationList section */
		1D6058960D05DD3E006BFB54 /* Build configuration list for PBXNativeTarget "omedia" */ = {
			isa = XCConfigurationList;
			buildConfigurations = (
				1D6058940D05DD3E006BFB54 /* Debug */,
				1D6058950D05DD3E006BFB54 /* Release */,
			);
			defaultConfigurationIsVisible = 0;
			defaultConfigurationName = Release;
		};
		C01FCF4E08A954540054247B /* Build configuration list for PBXProject "omedia" */ = {
			isa = XCConfigurationList;
			buildConfigurations = (
				C01FCF4F08A954540054247B /* Debug */,
				C01FCF5008A954540054247B /* Release */,
			);
			defaultConfigurationIsVisible = 0;
			defaultConfigurationName = Release;
		};
/* End XCConfigurationList section */
	};
	rootObject = 29B97313FDCFA39411CA2CEA /* Project object */;
}
